[root]
name = "rel"
version = "0.2.4"
dependencies = [
 "getopts 0.2.14 (registry+https://github.com/rust-lang/crates.io-index)",
 "rel_isa 0.1.0",
]

[[package]]
name = "getopts"
version = "0.2.14"
source = "registry+https://github.com/rust-lang/crates.io-index"

[[package]]
name = "rel_isa"
version = "0.1.0"

